
Microsoft Visual Studio Solution File, Format Version 12.00
# Visual Studio Version 16
VisualStudioVersion = 16.0.29411.108
MinimumVisualStudioVersion = 10.0.40219.1
Project("{FAE04EC0-301F-11D3-BF4B-00C04F79EFBC}") = "ASPNETBlank", "ASPNETBlank\ASPNETBlank.csproj", "{2D9F86BF-BDC8-489C-BA9C-F47D6C3F65C8}"
EndProject
Global
	GlobalSection(SolutionConfigurationPlatforms) = preSolution
		Debug|Any CPU = Debug|Any CPU
		Release|Any CPU = Release|Any CPU
	EndGlobalSection
	GlobalSection(ProjectConfigurationPlatforms) = postSolution
		{2D9F86BF-BDC8-489C-BA9C-F47D6C3F65C8}.Debug|Any CPU.ActiveCfg = Debug|Any CPU
		{2D9F86BF-BDC8-489C-BA9C-F47D6C3F65C8}.Debug|Any CPU.Build.0 = Debug|Any CPU
		{2D9F86BF-BDC8-489C-BA9C-F47D6C3F65C8}.Release|Any CPU.ActiveCfg = Release|Any CPU
		{2D9F86BF-BDC8-489C-BA9C-F47D6C3F65C8}.Release|Any CPU.Build.0 = Release|Any CPU
	EndGlobalSection
	GlobalSection(SolutionProperties) = preSolution
		HideSolutionNode = FALSE
	EndGlobalSection
	GlobalSection(ExtensibilityGlobals) = postSolution
		SolutionGuid = {46B354B1-6E85-4E78-B6FC-0B1F9F557022}
	EndGlobalSection
EndGlobal
